// !$*UTF8*$!
{
	archiveVersion = 1;
	classes = {
	};
	objectVersion = 50;
	objects = {

/* Begin PBXBuildFile section */
		BEB5E6902379D622000BEAD2 /* QuizEngine.framework in Frameworks */ = {isa = PBXBuildFile; fileRef = BEB5E6862379D621000BEAD2 /* QuizEngine.framework */; };
		BEB5E6A32379D90C000BEAD2 /* Flow.swift in Sources */ = {isa = PBXBuildFile; fileRef = BEB5E6A22379D90C000BEAD2 /* Flow.swift */; };
		BEB5E6A62379DB66000BEAD2 /* FlowTest.swift in Sources */ = {isa = PBXBuildFile; fileRef = BEB5E6A02379D72C000BEAD2 /* FlowTest.swift */; };
/* End PBXBuildFile section */

/* Begin PBXContainerItemProxy section */
		BEB5E6912379D622000BEAD2 /* PBXContainerItemProxy */ = {
			isa = PBXContainerItemProxy;
			containerPortal = BEB5E67D2379D621000BEAD2 /* Project object */;
			proxyType = 1;
			remoteGlobalIDString = BEB5E6852379D621000BEAD2;
			remoteInfo = QuizEngine;
		};
/* End PBXContainerItemProxy section */

/* Begin PBXFileReference section */
		BEB5E6862379D621000BEAD2 /* QuizEngine.framework */ = {isa = PBXFileReference; explicitFileType = wrapper.framework; includeInIndex = 0; path = QuizEngine.framework; sourceTree = BUILT_PRODUCTS_DIR; };
		BEB5E68A2379D621000BEAD2 /* Info.plist */ = {isa = PBXFileReference; lastKnownFileType = text.plist.xml; path = Info.plist; sourceTree = "<group>"; };
		BEB5E68F2379D622000BEAD2 /* QuizEngineTests.xctest */ = {isa = PBXFileReference; explicitFileType = wrapper.cfbundle; includeInIndex = 0; path = QuizEngineTests.xctest; sourceTree = BUILT_PRODUCTS_DIR; };
		BEB5E6962379D622000BEAD2 /* Info.plist */ = {isa = PBXFileReference; lastKnownFileType = text.plist.xml; path = Info.plist; sourceTree = "<group>"; };
		BEB5E6A02379D72C000BEAD2 /* FlowTest.swift */ = {isa = PBXFileReference; lastKnownFileType = sourcecode.swift; path = FlowTest.swift; sourceTree = "<group>"; };
		BEB5E6A22379D90C000BEAD2 /* Flow.swift */ = {isa = PBXFileReference; lastKnownFileType = sourcecode.swift; path = Flow.swift; sourceTree = "<group>"; };
/* End PBXFileReference section */

/* Begin PBXFrameworksBuildPhase section */
		BEB5E6832379D621000BEAD2 /* Frameworks */ = {
			isa = PBXFrameworksBuildPhase;
			buildActionMask = 2147483647;
			files = (
			);
			runOnlyForDeploymentPostprocessing = 0;
		};
		BEB5E68C2379D622000BEAD2 /* Frameworks */ = {
			isa = PBXFrameworksBuildPhase;
			buildActionMask = 2147483647;
			files = (
				BEB5E6902379D622000BEAD2 /* QuizEngine.framework in Frameworks */,
			);
			runOnlyForDeploymentPostprocessing = 0;
		};
/* End PBXFrameworksBuildPhase section */

/* Begin PBXGroup section */
		BEB5E67C2379D621000BEAD2 = {
			isa = PBXGroup;
			children = (
				BEB5E6882379D621000BEAD2 /* QuizEngine */,
				BEB5E6932379D622000BEAD2 /* QuizEngineTests */,
				BEB5E6872379D621000BEAD2 /* Products */,
			);
			sourceTree = "<group>";
		};
		BEB5E6872379D621000BEAD2 /* Products */ = {
			isa = PBXGroup;
			children = (
				BEB5E6862379D621000BEAD2 /* QuizEngine.framework */,
				BEB5E68F2379D622000BEAD2 /* QuizEngineTests.xctest */,
			);
			name = Products;
			sourceTree = "<group>";
		};
		BEB5E6882379D621000BEAD2 /* QuizEngine */ = {
			isa = PBXGroup;
			children = (
				BEB5E68A2379D621000BEAD2 /* Info.plist */,
				BEB5E6A22379D90C000BEAD2 /* Flow.swift */,
			);
			path = QuizEngine;
			sourceTree = "<group>";
		};
		BEB5E6932379D622000BEAD2 /* QuizEngineTests */ = {
			isa = PBXGroup;
			children = (
				BEB5E6962379D622000BEAD2 /* Info.plist */,
				BEB5E6A02379D72C000BEAD2 /* FlowTest.swift */,
			);
			path = QuizEngineTests;
			sourceTree = "<group>";
		};
/* End PBXGroup section */

/* Begin PBXHeadersBuildPhase section */
		BEB5E6812379D621000BEAD2 /* Headers */ = {
			isa = PBXHeadersBuildPhase;
			buildActionMask = 2147483647;
			files = (
			);
			runOnlyForDeploymentPostprocessing = 0;
		};
/* End PBXHeadersBuildPhase section */

/* Begin PBXNativeTarget section */
		BEB5E6852379D621000BEAD2 /* QuizEngine */ = {
			isa = PBXNativeTarget;
			buildConfigurationList = BEB5E69A2379D622000BEAD2 /* Build configuration list for PBXNativeTarget "QuizEngine" */;
			buildPhases = (
				BEB5E6812379D621000BEAD2 /* Headers */,
				BEB5E6822379D621000BEAD2 /* Sources */,
				BEB5E6832379D621000BEAD2 /* Frameworks */,
				BEB5E6842379D621000BEAD2 /* Resources */,
			);
			buildRules = (
			);
			dependencies = (
			);
			name = QuizEngine;
			productName = QuizEngine;
			productReference = BEB5E6862379D621000BEAD2 /* QuizEngine.framework */;
			productType = "com.apple.product-type.framework";
		};
		BEB5E68E2379D622000BEAD2 /* QuizEngineTests */ = {
			isa = PBXNativeTarget;
			buildConfigurationList = BEB5E69D2379D622000BEAD2 /* Build configuration list for PBXNativeTarget "QuizEngineTests" */;
			buildPhases = (
				BEB5E68B2379D622000BEAD2 /* Sources */,
				BEB5E68C2379D622000BEAD2 /* Frameworks */,
				BEB5E68D2379D622000BEAD2 /* Resources */,
			);
			buildRules = (
			);
			dependencies = (
				BEB5E6922379D622000BEAD2 /* PBXTargetDependency */,
			);
			name = QuizEngineTests;
			productName = QuizEngineTests;
			productReference = BEB5E68F2379D622000BEAD2 /* QuizEngineTests.xctest */;
			productType = "com.apple.product-type.bundle.unit-test";
		};
/* End PBXNativeTarget section */

/* Begin PBXProject section */
		BEB5E67D2379D621000BEAD2 /* Project object */ = {
			isa = PBXProject;
			attributes = {
				LastSwiftUpdateCheck = 1110;
				LastUpgradeCheck = 1110;
				ORGANIZATIONNAME = "Victor Melo";
				TargetAttributes = {
					BEB5E6852379D621000BEAD2 = {
						CreatedOnToolsVersion = 11.1;
						LastSwiftMigration = 1110;
					};
					BEB5E68E2379D622000BEAD2 = {
						CreatedOnToolsVersion = 11.1;
						LastSwiftMigration = 1110;
					};
				};
			};
			buildConfigurationList = BEB5E6802379D621000BEAD2 /* Build configuration list for PBXProject "QuizEngine" */;
			compatibilityVersion = "Xcode 9.3";
			developmentRegion = en;
			hasScannedForEncodings = 0;
			knownRegions = (
				en,
				Base,
			);
			mainGroup = BEB5E67C2379D621000BEAD2;
			productRefGroup = BEB5E6872379D621000BEAD2 /* Products */;
			projectDirPath = "";
			projectRoot = "";
			targets = (
				BEB5E6852379D621000BEAD2 /* QuizEngine */,
				BEB5E68E2379D622000BEAD2 /* QuizEngineTests */,
			);
		};
/* End PBXProject section */

/* Begin PBXResourcesBuildPhase section */
		BEB5E6842379D621000BEAD2 /* Resources */ = {
			isa = PBXResourcesBuildPhase;
			buildActionMask = 2147483647;
			files = (
			);
			runOnlyForDeploymentPostprocessing = 0;
		};
		BEB5E68D2379D622000BEAD2 /* Resources */ = {
			isa = PBXResourcesBuildPhase;
			buildActionMask = 2147483647;
			files = (
			);
			runOnlyForDeploymentPostprocessing = 0;
		};
/* End PBXResourcesBuildPhase section */

/* Begin PBXSourcesBuildPhase section */
		BEB5E6822379D621000BEAD2 /* Sources */ = {
			isa = PBXSourcesBuildPhase;
			buildActionMask = 2147483647;
			files = (
				BEB5E6A32379D90C000BEAD2 /* Flow.swift in Sources */,
			);
			runOnlyForDeploymentPostprocessing = 0;
		};
		BEB5E68B2379D622000BEAD2 /* Sources */ = {
			isa = PBXSourcesBuildPhase;
			buildActionMask = 2147483647;
			files = (
				BEB5E6A62379DB66000BEAD2 /* FlowTest.swift in Sources */,
			);
			runOnlyForDeploymentPostprocessing = 0;
		};
/* End PBXSourcesBuildPhase section */

/* Begin PBXTargetDependency section */
		BEB5E6922379D622000BEAD2 /* PBXTargetDependency */ = {
			isa = PBXTargetDependency;
			target = BEB5E6852379D621000BEAD2 /* QuizEngine */;
			targetProxy = BEB5E6912379D622000BEAD2 /* PBXContainerItemProxy */;
		};
/* End PBXTargetDependency section */

/* Begin XCBuildConfiguration section */
		BEB5E6982379D622000BEAD2 /* Debug */ = {
			isa = XCBuildConfiguration;
			buildSettings = {
				ALWAYS_SEARCH_USER_PATHS = NO;
				CLANG_ANALYZER_NONNULL = YES;
				CLANG_ANALYZER_NUMBER_OBJECT_CONVERSION = YES_AGGRESSIVE;
				CLANG_CXX_LANGUAGE_STANDARD = "gnu++14";
				CLANG_CXX_LIBRARY = "libc++";
				CLANG_ENABLE_MODULES = YES;
				CLANG_ENABLE_OBJC_ARC = YES;
				CLANG_ENABLE_OBJC_WEAK = YES;
				CLANG_WARN_BLOCK_CAPTURE_AUTORELEASING = YES;
				CLANG_WARN_BOOL_CONVERSION = YES;
				CLANG_WARN_COMMA = YES;
				CLANG_WARN_CONSTANT_CONVERSION = YES;
				CLANG_WARN_DEPRECATED_OBJC_IMPLEMENTATIONS = YES;
				CLANG_WARN_DIRECT_OBJC_ISA_USAGE = YES_ERROR;
				CLANG_WARN_DOCUMENTATION_COMMENTS = YES;
				CLANG_WARN_EMPTY_BODY = YES;
				CLANG_WARN_ENUM_CONVERSION = YES;
				CLANG_WARN_INFINITE_RECURSION = YES;
				CLANG_WARN_INT_CONVERSION = YES;
				CLANG_WARN_NON_LITERAL_NULL_CONVERSION = YES;
				CLANG_WARN_OBJC_IMPLICIT_RETAIN_SELF = YES;
				CLANG_WARN_OBJC_LITERAL_CONVERSION = YES;
				CLANG_WARN_OBJC_ROOT_CLASS = YES_ERROR;
				CLANG_WARN_RANGE_LOOP_ANALYSIS = YES;
				CLANG_WARN_STRICT_PROTOTYPES = YES;
				CLANG_WARN_SUSPICIOUS_MOVE = YES;
				CLANG_WARN_UNGUARDED_AVAILABILITY = YES_AGGRESSIVE;
				CLANG_WARN_UNREACHABLE_CODE = YES;
				CLANG_WARN__DUPLICATE_METHOD_MATCH = YES;
				COPY_PHASE_STRIP = NO;
				CURRENT_PROJECT_VERSION = 1;
				DEBUG_INFORMATION_FORMAT = dwarf;
				ENABLE_STRICT_OBJC_MSGSEND = YES;
				ENABLE_TESTABILITY = YES;
				GCC_C_LANGUAGE_STANDARD = gnu11;
				GCC_DYNAMIC_NO_PIC = NO;
				GCC_NO_COMMON_BLOCKS = YES;
				GCC_OPTIMIZATION_LEVEL = 0;
				GCC_PREPROCESSOR_DEFINITIONS = (
					"DEBUG=1",
					"$(inherited)",
				);
				GCC_WARN_64_TO_32_BIT_CONVERSION = YES;
				GCC_WARN_ABOUT_RETURN_TYPE = YES_ERROR;
				GCC_WARN_UNDECLARED_SELECTOR = YES;
				GCC_WARN_UNINITIALIZED_AUTOS = YES_AGGRESSIVE;
				GCC_WARN_UNUSED_FUNCTION = YES;
				GCC_WARN_UNUSED_VARIABLE = YES;
				MACOSX_DEPLOYMENT_TARGET = 10.15;
				MTL_ENABLE_DEBUG_INFO = INCLUDE_SOURCE;
				MTL_FAST_MATH = YES;
				ONLY_ACTIVE_ARCH = YES;
				SDKROOT = macosx;
				SWIFT_ACTIVE_COMPILATION_CONDITIONS = DEBUG;
				SWIFT_OPTIMIZATION_LEVEL = "-Onone";
				VERSIONING_SYSTEM = "apple-generic";
				VERSION_INFO_PREFIX = "";
			};
			name = Debug;
		};
		BEB5E6992379D622000BEAD2 /* Release */ = {
			isa = XCBuildConfiguration;
			buildSettings = {
				ALWAYS_SEARCH_USER_PATHS = NO;
				CLANG_ANALYZER_NONNULL = YES;
				CLANG_ANALYZER_NUMBER_OBJECT_CONVERSION = YES_AGGRESSIVE;
				CLANG_CXX_LANGUAGE_STANDARD = "gnu++14";
				CLANG_CXX_LIBRARY = "libc++";
				CLANG_ENABLE_MODULES = YES;
				CLANG_ENABLE_OBJC_ARC = YES;
				CLANG_ENABLE_OBJC_WEAK = YES;
				CLANG_WARN_BLOCK_CAPTURE_AUTORELEASING = YES;
				CLANG_WARN_BOOL_CONVERSION = YES;
				CLANG_WARN_COMMA = YES;
				CLANG_WARN_CONSTANT_CONVERSION = YES;
				CLANG_WARN_DEPRECATED_OBJC_IMPLEMENTATIONS = YES;
				CLANG_WARN_DIRECT_OBJC_ISA_USAGE = YES_ERROR;
				CLANG_WARN_DOCUMENTATION_COMMENTS = YES;
				CLANG_WARN_EMPTY_BODY = YES;
				CLANG_WARN_ENUM_CONVERSION = YES;
				CLANG_WARN_INFINITE_RECURSION = YES;
				CLANG_WARN_INT_CONVERSION = YES;
				CLANG_WARN_NON_LITERAL_NULL_CONVERSION = YES;
				CLANG_WARN_OBJC_IMPLICIT_RETAIN_SELF = YES;
				CLANG_WARN_OBJC_LITERAL_CONVERSION = YES;
				CLANG_WARN_OBJC_ROOT_CLASS = YES_ERROR;
				CLANG_WARN_RANGE_LOOP_ANALYSIS = YES;
				CLANG_WARN_STRICT_PROTOTYPES = YES;
				CLANG_WARN_SUSPICIOUS_MOVE = YES;
				CLANG_WARN_UNGUARDED_AVAILABILITY = YES_AGGRESSIVE;
				CLANG_WARN_UNREACHABLE_CODE = YES;
				CLANG_WARN__DUPLICATE_METHOD_MATCH = YES;
				COPY_PHASE_STRIP = NO;
				CURRENT_PROJECT_VERSION = 1;
				DEBUG_INFORMATION_FORMAT = "dwarf-with-dsym";
				ENABLE_NS_ASSERTIONS = NO;
				ENABLE_STRICT_OBJC_MSGSEND = YES;
				GCC_C_LANGUAGE_STANDARD = gnu11;
				GCC_NO_COMMON_BLOCKS = YES;
				GCC_WARN_64_TO_32_BIT_CONVERSION = YES;
				GCC_WARN_ABOUT_RETURN_TYPE = YES_ERROR;
				GCC_WARN_UNDECLARED_SELECTOR = YES;
				GCC_WARN_UNINITIALIZED_AUTOS = YES_AGGRESSIVE;
				GCC_WARN_UNUSED_FUNCTION = YES;
				GCC_WARN_UNUSED_VARIABLE = YES;
				MACOSX_DEPLOYMENT_TARGET = 10.15;
				MTL_ENABLE_DEBUG_INFO = NO;
				MTL_FAST_MATH = YES;
				SDKROOT = macosx;
				SWIFT_COMPILATION_MODE = wholemodule;
				SWIFT_OPTIMIZATION_LEVEL = "-O";
				VERSIONING_SYSTEM = "apple-generic";
				VERSION_INFO_PREFIX = "";
			};
			name = Release;
		};
		BEB5E69B2379D622000BEAD2 /* Debug */ = {
			isa = XCBuildConfiguration;
			buildSettings = {
				CLANG_ENABLE_MODULES = YES;
				CODE_SIGN_STYLE = Automatic;
				COMBINE_HIDPI_IMAGES = YES;
				DEFINES_MODULE = YES;
				DEVELOPMENT_TEAM = Y93HUJS49V;
				DYLIB_COMPATIBILITY_VERSION = 1;
				DYLIB_CURRENT_VERSION = 1;
				DYLIB_INSTALL_NAME_BASE = "@rpath";
				INFOPLIST_FILE = QuizEngine/Info.plist;
				INSTALL_PATH = "$(LOCAL_LIBRARY_DIR)/Frameworks";
				LD_RUNPATH_SEARCH_PATHS = (
					"$(inherited)",
					"@executable_path/../Frameworks",
					"@loader_path/Frameworks",
				);
				PRODUCT_BUNDLE_IDENTIFIER = br.com.victormelo.QuizEngine;
				PRODUCT_NAME = "$(TARGET_NAME:c99extidentifier)";
				SKIP_INSTALL = YES;
				SWIFT_OPTIMIZATION_LEVEL = "-Onone";
				SWIFT_VERSION = 5.0;
			};
			name = Debug;
		};
		BEB5E69C2379D622000BEAD2 /* Release */ = {
			isa = XCBuildConfiguration;
			buildSettings = {
				CLANG_ENABLE_MODULES = YES;
				CODE_SIGN_STYLE = Automatic;
				COMBINE_HIDPI_IMAGES = YES;
				DEFINES_MODULE = YES;
				DEVELOPMENT_TEAM = Y93HUJS49V;
				DYLIB_COMPATIBILITY_VERSION = 1;
				DYLIB_CURRENT_VERSION = 1;
				DYLIB_INSTALL_NAME_BASE = "@rpath";
				INFOPLIST_FILE = QuizEngine/Info.plist;
				INSTALL_PATH = "$(LOCAL_LIBRARY_DIR)/Frameworks";
				LD_RUNPATH_SEARCH_PATHS = (
					"$(inherited)",
					"@executable_path/../Frameworks",
					"@loader_path/Frameworks",
				);
				PRODUCT_BUNDLE_IDENTIFIER = br.com.victormelo.QuizEngine;
				PRODUCT_NAME = "$(TARGET_NAME:c99extidentifier)";
				SKIP_INSTALL = YES;
				SWIFT_VERSION = 5.0;
			};
			name = Release;
		};
		BEB5E69E2379D622000BEAD2 /* Debug */ = {
			isa = XCBuildConfiguration;
			buildSettings = {
				ALWAYS_EMBED_SWIFT_STANDARD_LIBRARIES = YES;
				CLANG_ENABLE_MODULES = YES;
				CODE_SIGN_STYLE = Automatic;
				COMBINE_HIDPI_IMAGES = YES;
				DEVELOPMENT_TEAM = Y93HUJS49V;
				INFOPLIST_FILE = QuizEngineTests/Info.plist;
				LD_RUNPATH_SEARCH_PATHS = (
					"$(inherited)",
					"@executable_path/../Frameworks",
					"@loader_path/../Frameworks",
				);
				PRODUCT_BUNDLE_IDENTIFIER = br.com.victormelo.QuizEngineTests;
				PRODUCT_NAME = "$(TARGET_NAME)";
				SWIFT_OPTIMIZATION_LEVEL = "-Onone";
				SWIFT_VERSION = 5.0;
			};
			name = Debug;
		};
		BEB5E69F2379D622000BEAD2 /* Release */ = {
			isa = XCBuildConfiguration;
			buildSettings = {
				ALWAYS_EMBED_SWIFT_STANDARD_LIBRARIES = YES;
				CLANG_ENABLE_MODULES = YES;
				CODE_SIGN_STYLE = Automatic;
				COMBINE_HIDPI_IMAGES = YES;
				DEVELOPMENT_TEAM = Y93HUJS49V;
				INFOPLIST_FILE = QuizEngineTests/Info.plist;
				LD_RUNPATH_SEARCH_PATHS = (
					"$(inherited)",
					"@executable_path/../Frameworks",
					"@loader_path/../Frameworks",
				);
				PRODUCT_BUNDLE_IDENTIFIER = br.com.victormelo.QuizEngineTests;
				PRODUCT_NAME = "$(TARGET_NAME)";
				SWIFT_VERSION = 5.0;
			};
			name = Release;
		};
/* End XCBuildConfiguration section */

/* Begin XCConfigurationList section */
		BEB5E6802379D621000BEAD2 /* Build configuration list for PBXProject "QuizEngine" */ = {
			isa = XCConfigurationList;
			buildConfigurations = (
				BEB5E6982379D622000BEAD2 /* Debug */,
				BEB5E6992379D622000BEAD2 /* Release */,
			);
			defaultConfigurationIsVisible = 0;
			defaultConfigurationName = Release;
		};
		BEB5E69A2379D622000BEAD2 /* Build configuration list for PBXNativeTarget "QuizEngine" */ = {
			isa = XCConfigurationList;
			buildConfigurations = (
				BEB5E69B2379D622000BEAD2 /* Debug */,
				BEB5E69C2379D622000BEAD2 /* Release */,
			);
			defaultConfigurationIsVisible = 0;
			defaultConfigurationName = Release;
		};
		BEB5E69D2379D622000BEAD2 /* Build configuration list for PBXNativeTarget "QuizEngineTests" */ = {
			isa = XCConfigurationList;
			buildConfigurations = (
				BEB5E69E2379D622000BEAD2 /* Debug */,
				BEB5E69F2379D622000BEAD2 /* Release */,
			);
			defaultConfigurationIsVisible = 0;
			defaultConfigurationName = Release;
		};
/* End XCConfigurationList section */
	};
	rootObject = BEB5E67D2379D621000BEAD2 /* Project object */;
}
